
Microsoft Visual Studio Solution File, Format Version 12.00
# Visual Studio Version 16
VisualStudioVersion = 16.0.29709.97
MinimumVisualStudioVersion = 10.0.40219.1
Project("{FAE04EC0-301F-11D3-BF4B-00C04F79EFBC}") = "Negocios", "Negocios\Negocios.csproj", "{736B4002-C983-4B22-81C0-40DC54A4A94E}"
EndProject
Project("{FAE04EC0-301F-11D3-BF4B-00C04F79EFBC}") = "Datos", "Datos\Datos.csproj", "{2034C395-5286-435A-B05F-249699E5FF68}"
EndProject
Project("{FAE04EC0-301F-11D3-BF4B-00C04F79EFBC}") = "Entidades", "Entidades\Entidades.csproj", "{95879590-05C2-4233-90C3-81D3AD0497DA}"
EndProject
Project("{FAE04EC0-301F-11D3-BF4B-00C04F79EFBC}") = "wpf_inventario", "wpf_inventario\wpf_inventario.csproj", "{881A1818-84DE-4B17-B20D-BEE20B493FA3}"
EndProject
Global
	GlobalSection(SolutionConfigurationPlatforms) = preSolution
		Debug|Any CPU = Debug|Any CPU
		Release|Any CPU = Release|Any CPU
	EndGlobalSection
	GlobalSection(ProjectConfigurationPlatforms) = postSolution
		{736B4002-C983-4B22-81C0-40DC54A4A94E}.Debug|Any CPU.ActiveCfg = Debug|Any CPU
		{736B4002-C983-4B22-81C0-40DC54A4A94E}.Debug|Any CPU.Build.0 = Debug|Any CPU
		{736B4002-C983-4B22-81C0-40DC54A4A94E}.Release|Any CPU.ActiveCfg = Release|Any CPU
		{736B4002-C983-4B22-81C0-40DC54A4A94E}.Release|Any CPU.Build.0 = Release|Any CPU
		{2034C395-5286-435A-B05F-249699E5FF68}.Debug|Any CPU.ActiveCfg = Debug|Any CPU
		{2034C395-5286-435A-B05F-249699E5FF68}.Debug|Any CPU.Build.0 = Debug|Any CPU
		{2034C395-5286-435A-B05F-249699E5FF68}.Release|Any CPU.ActiveCfg = Release|Any CPU
		{2034C395-5286-435A-B05F-249699E5FF68}.Release|Any CPU.Build.0 = Release|Any CPU
		{95879590-05C2-4233-90C3-81D3AD0497DA}.Debug|Any CPU.ActiveCfg = Debug|Any CPU
		{95879590-05C2-4233-90C3-81D3AD0497DA}.Debug|Any CPU.Build.0 = Debug|Any CPU
		{95879590-05C2-4233-90C3-81D3AD0497DA}.Release|Any CPU.ActiveCfg = Release|Any CPU
		{95879590-05C2-4233-90C3-81D3AD0497DA}.Release|Any CPU.Build.0 = Release|Any CPU
		{881A1818-84DE-4B17-B20D-BEE20B493FA3}.Debug|Any CPU.ActiveCfg = Debug|Any CPU
		{881A1818-84DE-4B17-B20D-BEE20B493FA3}.Debug|Any CPU.Build.0 = Debug|Any CPU
		{881A1818-84DE-4B17-B20D-BEE20B493FA3}.Release|Any CPU.ActiveCfg = Release|Any CPU
		{881A1818-84DE-4B17-B20D-BEE20B493FA3}.Release|Any CPU.Build.0 = Release|Any CPU
	EndGlobalSection
	GlobalSection(SolutionProperties) = preSolution
		HideSolutionNode = FALSE
	EndGlobalSection
	GlobalSection(ExtensibilityGlobals) = postSolution
		SolutionGuid = {FF6BC363-4002-4F1E-A1A2-CF445953ED12}
	EndGlobalSection
EndGlobal
